// !$*UTF8*$!
{
	archiveVersion = 1;
	classes = {
	};
	objectVersion = 46;
	objects = {

/* Begin PBXBuildFile section */
		03231BCB8AB7C760C4B8D149 /* ApplicationInteractorInput.swift in Sources */ = {isa = PBXBuildFile; fileRef = E216D15905722531D3C8ADB2 /* ApplicationInteractorInput.swift */; };
		08E3E28332533B98BA0A57FE /* ApplicationModuleInput.swift in Sources */ = {isa = PBXBuildFile; fileRef = 04AA397BBBA70E24EBBBDB7B /* ApplicationModuleInput.swift */; };
		0F30E5663CE28E83DC7665BB /* SideMenuModuleInput.swift in Sources */ = {isa = PBXBuildFile; fileRef = 812AA1C8439744AC59014D64 /* SideMenuModuleInput.swift */; };
		0F9176F8FC8261F1F8979FB7 /* WikiTextInteractor.swift in Sources */ = {isa = PBXBuildFile; fileRef = 4D17812A4D7173265955B3C0 /* WikiTextInteractor.swift */; };
		115098D61ED9862C00752602 /* Parser.swift in Sources */ = {isa = PBXBuildFile; fileRef = 115098D51ED9862C00752602 /* Parser.swift */; };
		115098D71ED9862C00752602 /* Parser.swift in Sources */ = {isa = PBXBuildFile; fileRef = 115098D51ED9862C00752602 /* Parser.swift */; };
		115098D91ED986C200752602 /* ParsedObject.swift in Sources */ = {isa = PBXBuildFile; fileRef = 115098D81ED986C200752602 /* ParsedObject.swift */; };
		115098DA1ED986C200752602 /* ParsedObject.swift in Sources */ = {isa = PBXBuildFile; fileRef = 115098D81ED986C200752602 /* ParsedObject.swift */; };
		115098DC1ED9870300752602 /* VimwikiParser.swift in Sources */ = {isa = PBXBuildFile; fileRef = 115098DB1ED9870300752602 /* VimwikiParser.swift */; };
		115098DD1ED9870300752602 /* VimwikiParser.swift in Sources */ = {isa = PBXBuildFile; fileRef = 115098DB1ED9870300752602 /* VimwikiParser.swift */; };
		115098DF1ED9925500752602 /* WikiTextViewTextStyle.swift in Sources */ = {isa = PBXBuildFile; fileRef = 115098DE1ED9925500752602 /* WikiTextViewTextStyle.swift */; };
		115098E01ED9925500752602 /* WikiTextViewTextStyle.swift in Sources */ = {isa = PBXBuildFile; fileRef = 115098DE1ED9925500752602 /* WikiTextViewTextStyle.swift */; };
		115098E31ED9A8A600752602 /* NSRangeExtension.swift in Sources */ = {isa = PBXBuildFile; fileRef = 115098E21ED9A8A600752602 /* NSRangeExtension.swift */; };
		115587FE1ED042C000BC6EB7 /* AppDelegate.swift in Sources */ = {isa = PBXBuildFile; fileRef = 115587FD1ED042C000BC6EB7 /* AppDelegate.swift */; };
		115588051ED042C000BC6EB7 /* Assets.xcassets in Resources */ = {isa = PBXBuildFile; fileRef = 115588041ED042C000BC6EB7 /* Assets.xcassets */; };
		115588081ED042C000BC6EB7 /* LaunchScreen.storyboard in Resources */ = {isa = PBXBuildFile; fileRef = 115588061ED042C000BC6EB7 /* LaunchScreen.storyboard */; };
		1300C08A02F4F4661C6D8B5E /* ApplicationModuleFactory.swift in Sources */ = {isa = PBXBuildFile; fileRef = C0FD36F444DC24034F362183 /* ApplicationModuleFactory.swift */; };
		14EF26B704C36F9A1F238B9B /* ApplicationViewOutput.swift in Sources */ = {isa = PBXBuildFile; fileRef = AB3E43CB8F7C137A15A6CA50 /* ApplicationViewOutput.swift */; };
		152FA5BF700A180AD1CB8E9E /* SideMenuViewController.swift in Sources */ = {isa = PBXBuildFile; fileRef = F93E9BF4E55AEC9FFDA4CA02 /* SideMenuViewController.swift */; };
		175C0CD1A98A411BFAA00267 /* WikiTextModuleFactory.swift in Sources */ = {isa = PBXBuildFile; fileRef = D8080F89F166CA0B85F0F1F1 /* WikiTextModuleFactory.swift */; };
		1897E5D2A55D914C6BA32580 /* SideMenuPresenter.swift in Sources */ = {isa = PBXBuildFile; fileRef = A732A866EEDC947B509165A6 /* SideMenuPresenter.swift */; };
		19275D31A1A22960C4318EEC /* WikiTextViewController.swift in Sources */ = {isa = PBXBuildFile; fileRef = ACC41159ECE9536EFBE89897 /* WikiTextViewController.swift */; };
		1AF362F60FCF613C6003EECE /* SideMenuInteractorInput.swift in Sources */ = {isa = PBXBuildFile; fileRef = 0CF37805AA60B24757CBC700 /* SideMenuInteractorInput.swift */; };
		1DBEC7AA1B8A8F85C56A6568 /* ApplicationPresenter.swift in Sources */ = {isa = PBXBuildFile; fileRef = 0BC64C58A1D6AA5BA2F96760 /* ApplicationPresenter.swift */; };
		1DDEE8AFA1CA2D6E94FC3B1A /* WikiTextInteractor.swift in Sources */ = {isa = PBXBuildFile; fileRef = 4D17812A4D7173265955B3C0 /* WikiTextInteractor.swift */; };
		1F13C1CAA0E3416E5CF76F8D /* ApplicationViewController.swift in Sources */ = {isa = PBXBuildFile; fileRef = 873EA111459EAA969E6C0B51 /* ApplicationViewController.swift */; };
		20A0AA1FFCCF360B7EF2575B /* WikiTextModuleInput.swift in Sources */ = {isa = PBXBuildFile; fileRef = 2905E9092577E658C050F3BD /* WikiTextModuleInput.swift */; };
		22740D376A7AD50118087B3D /* WikiTextViewController.swift in Sources */ = {isa = PBXBuildFile; fileRef = ACC41159ECE9536EFBE89897 /* WikiTextViewController.swift */; };
		23190652320EF3E65909E5CE /* ApplicationViewController.swift in Sources */ = {isa = PBXBuildFile; fileRef = 873EA111459EAA969E6C0B51 /* ApplicationViewController.swift */; };
		291882FEEBC5A23260A70A18 /* ApplicationViewOutput.swift in Sources */ = {isa = PBXBuildFile; fileRef = AB3E43CB8F7C137A15A6CA50 /* ApplicationViewOutput.swift */; };
		2A034309B4FBCC2BF92651F1 /* ApplicationPresenter.swift in Sources */ = {isa = PBXBuildFile; fileRef = 0BC64C58A1D6AA5BA2F96760 /* ApplicationPresenter.swift */; };
		2D556A27325BFA674D1E7C6F /* ApplicationRouter.swift in Sources */ = {isa = PBXBuildFile; fileRef = D4EB3CD41698EDEC27D673E8 /* ApplicationRouter.swift */; };
		35F569E53C5386A94B1D13B7 /* SideMenuViewInput.swift in Sources */ = {isa = PBXBuildFile; fileRef = 023C9D64A5C6C76160DB4D59 /* SideMenuViewInput.swift */; };
		3AAE0112652D922478D3B9F0 /* WikiTextModuleFactory.swift in Sources */ = {isa = PBXBuildFile; fileRef = D8080F89F166CA0B85F0F1F1 /* WikiTextModuleFactory.swift */; };
		3B3142AEADCCFCDD2F83E9D1 /* Pods_TextWiki.framework in Frameworks */ = {isa = PBXBuildFile; fileRef = A9A05E4AD8FFBEDCA6AC3ADD /* Pods_TextWiki.framework */; };
		3BA5EC85069368420F21E43C /* ApplicationViewTests.swift in Sources */ = {isa = PBXBuildFile; fileRef = 9991BDA42ECD550CCB70DF60 /* ApplicationViewTests.swift */; };
		419351250FE0657990FF4BEE /* WikiTextInteractorInput.swift in Sources */ = {isa = PBXBuildFile; fileRef = 285D9C1A29F516EBA79DE046 /* WikiTextInteractorInput.swift */; };
		4573A289DD47B3662C775A4B /* WikiTextRouterInput.swift in Sources */ = {isa = PBXBuildFile; fileRef = 6B96E4259252277D40197522 /* WikiTextRouterInput.swift */; };
		49BF004D5FE8DE452536D78C /* ApplicationInteractor.swift in Sources */ = {isa = PBXBuildFile; fileRef = 47A837F3A7A120E5D7185DDF /* ApplicationInteractor.swift */; };
		4A279536A2AC9C79FD03B4C9 /* WikiTextRouterInput.swift in Sources */ = {isa = PBXBuildFile; fileRef = 6B96E4259252277D40197522 /* WikiTextRouterInput.swift */; };
		4BFCDF84C99033E01989C4EE /* ApplicationRouter.swift in Sources */ = {isa = PBXBuildFile; fileRef = D4EB3CD41698EDEC27D673E8 /* ApplicationRouter.swift */; };
		4DB2327F3D435D959C9BAB15 /* WikiTextInteractorTests.swift in Sources */ = {isa = PBXBuildFile; fileRef = 2A502F12A0AD75DA5E9882D7 /* WikiTextInteractorTests.swift */; };
		4FF5C7DA4AAD9A3B77DBB49F /* WikiTextViewOutput.swift in Sources */ = {isa = PBXBuildFile; fileRef = 7572C038C10757A240BB24F5 /* WikiTextViewOutput.swift */; };
		574721DB927FAB5AB7F337C1 /* SideMenuInteractorTests.swift in Sources */ = {isa = PBXBuildFile; fileRef = 97DC782450463413DE43854F /* SideMenuInteractorTests.swift */; };
		59DB3B87B36C1604BE42C796 /* SideMenuInteractorOutput.swift in Sources */ = {isa = PBXBuildFile; fileRef = 42DFB4C1585731762A00C211 /* SideMenuInteractorOutput.swift */; };
		5CEFD9E95E211E6ECB3CE2D1 /* WikiTextModuleInput.swift in Sources */ = {isa = PBXBuildFile; fileRef = 2905E9092577E658C050F3BD /* WikiTextModuleInput.swift */; };
		65694E21B07C0FD0F13CD8C2 /* WikiTextViewInput.swift in Sources */ = {isa = PBXBuildFile; fileRef = BFD924EBC8A9AB83973F488D /* WikiTextViewInput.swift */; };
		6BB40365A0709A17F61943A0 /* SideMenuViewTests.swift in Sources */ = {isa = PBXBuildFile; fileRef = 7E1AA9BB46BEDABA92A4CCF3 /* SideMenuViewTests.swift */; };
		6C9A90206FC7F2FB1EAF5FAA /* SideMenuInteractor.swift in Sources */ = {isa = PBXBuildFile; fileRef = 62912FF8E307AEEA42FDD41C /* SideMenuInteractor.swift */; };
		72DB5F36405410766B1BFB2F /* ApplicationInteractorOutput.swift in Sources */ = {isa = PBXBuildFile; fileRef = D1862887C40FB0ACD7349853 /* ApplicationInteractorOutput.swift */; };
		73A5875724A99480F9F3C1C6 /* ApplicationInteractorTests.swift in Sources */ = {isa = PBXBuildFile; fileRef = 3427DE4A73E3D36B82D0B87F /* ApplicationInteractorTests.swift */; };
		748B0CB4F500903CE024359E /* SideMenuPresenterTests.swift in Sources */ = {isa = PBXBuildFile; fileRef = 93346CFDBE90D3F43EBA876F /* SideMenuPresenterTests.swift */; };
		7B50B75FB5AE0B1D880641AD /* ApplicationInteractorOutput.swift in Sources */ = {isa = PBXBuildFile; fileRef = D1862887C40FB0ACD7349853 /* ApplicationInteractorOutput.swift */; };
		7E0AE507F70BFB9F73938CEE /* WikiTextViewTests.swift in Sources */ = {isa = PBXBuildFile; fileRef = 2078ED0D50B5BFEBABDD6AD2 /* WikiTextViewTests.swift */; };
		879D7613ED83B694F17370C5 /* SideMenuViewController.swift in Sources */ = {isa = PBXBuildFile; fileRef = F93E9BF4E55AEC9FFDA4CA02 /* SideMenuViewController.swift */; };
		8A851FFF8BF720793912EE15 /* SideMenuModuleFactory.swift in Sources */ = {isa = PBXBuildFile; fileRef = 4975C6B4D46E13893452449A /* SideMenuModuleFactory.swift */; };
		8E7F0B34787E38A06B61DE84 /* WikiTextRouter.swift in Sources */ = {isa = PBXBuildFile; fileRef = 1A0F33F19CB588A40F9DFCE5 /* WikiTextRouter.swift */; };
		907340846B64F1155B04D847 /* WikiTextPresenterTests.swift in Sources */ = {isa = PBXBuildFile; fileRef = 0E347F0266E411EC4D7E4A8D /* WikiTextPresenterTests.swift */; };
		920BB6DCFDD58CB639494350 /* SideMenuRouterInput.swift in Sources */ = {isa = PBXBuildFile; fileRef = 3972E2C6009F182F4033EAE0 /* SideMenuRouterInput.swift */; };
		933F1FC4C9B6080B33BAE9BF /* ApplicationRouterTests.swift in Sources */ = {isa = PBXBuildFile; fileRef = FE05D0EB204D8F2E3F15BDEA /* ApplicationRouterTests.swift */; };
		93CB47B28971473412049EE9 /* WikiTextModuleFactoryTests.swift in Sources */ = {isa = PBXBuildFile; fileRef = 9A3F95B8A9175B812B6D266D /* WikiTextModuleFactoryTests.swift */; };
		9AD81C82046B881C1F2814DC /* SideMenuViewInput.swift in Sources */ = {isa = PBXBuildFile; fileRef = 023C9D64A5C6C76160DB4D59 /* SideMenuViewInput.swift */; };
		9BFD29302ABCA5FB1D2FBAF4 /* SideMenuViewOutput.swift in Sources */ = {isa = PBXBuildFile; fileRef = 324663E8BEFB8D3A22E101C6 /* SideMenuViewOutput.swift */; };
		9C46A3020DD8D695CBC3AB15 /* SideMenuModuleFactory.swift in Sources */ = {isa = PBXBuildFile; fileRef = 4975C6B4D46E13893452449A /* SideMenuModuleFactory.swift */; };
		9D24987F1123D61CF3049394 /* SideMenuRouter.swift in Sources */ = {isa = PBXBuildFile; fileRef = B34F837018E7E98334458DD1 /* SideMenuRouter.swift */; };
		A0C0B9C6E0592CEDFF67E9FE /* ApplicationViewInput.swift in Sources */ = {isa = PBXBuildFile; fileRef = CD47764ACD7118007B4C9DC6 /* ApplicationViewInput.swift */; };
		A0CC592AD7D640C0D97BF25E /* WikiTextInteractorOutput.swift in Sources */ = {isa = PBXBuildFile; fileRef = D670A31BE952CB4F56BF9FCF /* WikiTextInteractorOutput.swift */; };
		A10F963E30046869B9FE2024 /* Pods_TextWikiTests.framework in Frameworks */ = {isa = PBXBuildFile; fileRef = F930A46F2FAAB446CC8A918E /* Pods_TextWikiTests.framework */; };
		A11AFE1EAD2817476181636B /* SideMenuInteractor.swift in Sources */ = {isa = PBXBuildFile; fileRef = 62912FF8E307AEEA42FDD41C /* SideMenuInteractor.swift */; };
		A5A221DF8D6CD287F062D318 /* WikiTextRouter.swift in Sources */ = {isa = PBXBuildFile; fileRef = 1A0F33F19CB588A40F9DFCE5 /* WikiTextRouter.swift */; };
		AA01F0E54CE709DF25AD54EF /* ApplicationRouterInput.swift in Sources */ = {isa = PBXBuildFile; fileRef = 815CF5FFD62D94F3100E75BB /* ApplicationRouterInput.swift */; };
		ADE99777F17493FFB012BF08 /* SideMenuInteractorInput.swift in Sources */ = {isa = PBXBuildFile; fileRef = 0CF37805AA60B24757CBC700 /* SideMenuInteractorInput.swift */; };
		AEF28F03AACEF72F5CFBD6BA /* WikiTextInteractorOutput.swift in Sources */ = {isa = PBXBuildFile; fileRef = D670A31BE952CB4F56BF9FCF /* WikiTextInteractorOutput.swift */; };
		AFEE62E96B08050E6A0171F8 /* SideMenuModuleInput.swift in Sources */ = {isa = PBXBuildFile; fileRef = 812AA1C8439744AC59014D64 /* SideMenuModuleInput.swift */; };
		B138317C3065A2028487664B /* SideMenuRouterInput.swift in Sources */ = {isa = PBXBuildFile; fileRef = 3972E2C6009F182F4033EAE0 /* SideMenuRouterInput.swift */; };
		B58C86EE05AC446E1C4EB0EE /* WikiTextViewInput.swift in Sources */ = {isa = PBXBuildFile; fileRef = BFD924EBC8A9AB83973F488D /* WikiTextViewInput.swift */; };
		B5C9D445610AB8FA62DC94DD /* WikiTextPresenter.swift in Sources */ = {isa = PBXBuildFile; fileRef = ED021D633F96CD60E0913C2C /* WikiTextPresenter.swift */; };
		B826716C561E16A77BFC4FE1 /* SideMenuModuleFactoryTests.swift in Sources */ = {isa = PBXBuildFile; fileRef = 4E5A7DC1FB0A79AA2655C4B6 /* SideMenuModuleFactoryTests.swift */; };
		C08C2843014EDB58A687CBEA /* ApplicationModuleFactoryTests.swift in Sources */ = {isa = PBXBuildFile; fileRef = E64C28F8B0E7496A1BACE7BC /* ApplicationModuleFactoryTests.swift */; };
		C352697689A5EF347F22823C /* ApplicationInteractor.swift in Sources */ = {isa = PBXBuildFile; fileRef = 47A837F3A7A120E5D7185DDF /* ApplicationInteractor.swift */; };
		C4229F34BFB857572999E6E4 /* ApplicationPresenterTests.swift in Sources */ = {isa = PBXBuildFile; fileRef = 9B070742F44C1D97376A05F6 /* ApplicationPresenterTests.swift */; };
		D59AAADB825E0FD657CBD7B3 /* WikiTextPresenter.swift in Sources */ = {isa = PBXBuildFile; fileRef = ED021D633F96CD60E0913C2C /* WikiTextPresenter.swift */; };
		D9FC355D5D4EBB33F7342741 /* ApplicationModuleFactory.swift in Sources */ = {isa = PBXBuildFile; fileRef = C0FD36F444DC24034F362183 /* ApplicationModuleFactory.swift */; };
		DC2D2A135B19E565AEF8FDE2 /* ApplicationRouterInput.swift in Sources */ = {isa = PBXBuildFile; fileRef = 815CF5FFD62D94F3100E75BB /* ApplicationRouterInput.swift */; };
		DE168D36F256703016DE8E8B /* WikiTextInteractorInput.swift in Sources */ = {isa = PBXBuildFile; fileRef = 285D9C1A29F516EBA79DE046 /* WikiTextInteractorInput.swift */; };
		DFA5E73EE664F4A03941456B /* WikiTextRouterTests.swift in Sources */ = {isa = PBXBuildFile; fileRef = 76DD68FC16ACFF539FC65FDD /* WikiTextRouterTests.swift */; };
		E48C27E1B77E6CFB8EB3A9F1 /* WikiTextViewOutput.swift in Sources */ = {isa = PBXBuildFile; fileRef = 7572C038C10757A240BB24F5 /* WikiTextViewOutput.swift */; };
		EA4882C858E332D1A079D4B9 /* SideMenuPresenter.swift in Sources */ = {isa = PBXBuildFile; fileRef = A732A866EEDC947B509165A6 /* SideMenuPresenter.swift */; };
		EB91AC66CC60B6C66899BF2F /* SideMenuRouterTests.swift in Sources */ = {isa = PBXBuildFile; fileRef = 181BA6726F7747FE6DDC725E /* SideMenuRouterTests.swift */; };
		EEA9066E52E44C4E6D3FD890 /* ApplicationInteractorInput.swift in Sources */ = {isa = PBXBuildFile; fileRef = E216D15905722531D3C8ADB2 /* ApplicationInteractorInput.swift */; };
		F027C06A063DDCB7F4290362 /* SideMenuInteractorOutput.swift in Sources */ = {isa = PBXBuildFile; fileRef = 42DFB4C1585731762A00C211 /* SideMenuInteractorOutput.swift */; };
		F537158D3C632BDA57E3715B /* SideMenuRouter.swift in Sources */ = {isa = PBXBuildFile; fileRef = B34F837018E7E98334458DD1 /* SideMenuRouter.swift */; };
		F91451C5081F9209BEE18229 /* SideMenuViewOutput.swift in Sources */ = {isa = PBXBuildFile; fileRef = 324663E8BEFB8D3A22E101C6 /* SideMenuViewOutput.swift */; };
		FBEAC9E30B7518D3E6CBD6B4 /* ApplicationModuleInput.swift in Sources */ = {isa = PBXBuildFile; fileRef = 04AA397BBBA70E24EBBBDB7B /* ApplicationModuleInput.swift */; };
		FD561965B148F6827EE9EBAA /* ApplicationViewInput.swift in Sources */ = {isa = PBXBuildFile; fileRef = CD47764ACD7118007B4C9DC6 /* ApplicationViewInput.swift */; };
/* End PBXBuildFile section */

/* Begin PBXContainerItemProxy section */
		1155880F1ED042C000BC6EB7 /* PBXContainerItemProxy */ = {
			isa = PBXContainerItemProxy;
			containerPortal = 115587F21ED042C000BC6EB7 /* Project object */;
			proxyType = 1;
			remoteGlobalIDString = 115587F91ED042C000BC6EB7;
			remoteInfo = TextWiki;
		};
/* End PBXContainerItemProxy section */

/* Begin PBXFileReference section */
		023C9D64A5C6C76160DB4D59 /* SideMenuViewInput.swift */ = {isa = PBXFileReference; includeInIndex = 1; lastKnownFileType = sourcecode.swift; path = SideMenuViewInput.swift; sourceTree = "<group>"; };
		04AA397BBBA70E24EBBBDB7B /* ApplicationModuleInput.swift */ = {isa = PBXFileReference; includeInIndex = 1; lastKnownFileType = sourcecode.swift; path = ApplicationModuleInput.swift; sourceTree = "<group>"; };
		0B9CE19A1EC3116E4F42843C /* Pods-TextWiki.release.xcconfig */ = {isa = PBXFileReference; includeInIndex = 1; lastKnownFileType = text.xcconfig; name = "Pods-TextWiki.release.xcconfig"; path = "Pods/Target Support Files/Pods-TextWiki/Pods-TextWiki.release.xcconfig"; sourceTree = "<group>"; };
		0BC64C58A1D6AA5BA2F96760 /* ApplicationPresenter.swift */ = {isa = PBXFileReference; includeInIndex = 1; lastKnownFileType = sourcecode.swift; path = ApplicationPresenter.swift; sourceTree = "<group>"; };
		0CF37805AA60B24757CBC700 /* SideMenuInteractorInput.swift */ = {isa = PBXFileReference; includeInIndex = 1; lastKnownFileType = sourcecode.swift; path = SideMenuInteractorInput.swift; sourceTree = "<group>"; };
		0E347F0266E411EC4D7E4A8D /* WikiTextPresenterTests.swift */ = {isa = PBXFileReference; includeInIndex = 1; lastKnownFileType = sourcecode.swift; path = WikiTextPresenterTests.swift; sourceTree = "<group>"; };
		115098D51ED9862C00752602 /* Parser.swift */ = {isa = PBXFileReference; fileEncoding = 4; lastKnownFileType = sourcecode.swift; path = Parser.swift; sourceTree = "<group>"; };
		115098D81ED986C200752602 /* ParsedObject.swift */ = {isa = PBXFileReference; fileEncoding = 4; lastKnownFileType = sourcecode.swift; path = ParsedObject.swift; sourceTree = "<group>"; };
		115098DB1ED9870300752602 /* VimwikiParser.swift */ = {isa = PBXFileReference; fileEncoding = 4; lastKnownFileType = sourcecode.swift; path = VimwikiParser.swift; sourceTree = "<group>"; };
		115098DE1ED9925500752602 /* WikiTextViewTextStyle.swift */ = {isa = PBXFileReference; fileEncoding = 4; lastKnownFileType = sourcecode.swift; path = WikiTextViewTextStyle.swift; sourceTree = "<group>"; };
		115098E21ED9A8A600752602 /* NSRangeExtension.swift */ = {isa = PBXFileReference; fileEncoding = 4; lastKnownFileType = sourcecode.swift; path = NSRangeExtension.swift; sourceTree = "<group>"; };
		115587FA1ED042C000BC6EB7 /* TextWiki.app */ = {isa = PBXFileReference; explicitFileType = wrapper.application; includeInIndex = 0; path = TextWiki.app; sourceTree = BUILT_PRODUCTS_DIR; };
		115587FD1ED042C000BC6EB7 /* AppDelegate.swift */ = {isa = PBXFileReference; lastKnownFileType = sourcecode.swift; path = AppDelegate.swift; sourceTree = "<group>"; };
		115588041ED042C000BC6EB7 /* Assets.xcassets */ = {isa = PBXFileReference; lastKnownFileType = folder.assetcatalog; path = Assets.xcassets; sourceTree = "<group>"; };
		115588071ED042C000BC6EB7 /* Base */ = {isa = PBXFileReference; lastKnownFileType = file.storyboard; name = Base; path = Base.lproj/LaunchScreen.storyboard; sourceTree = "<group>"; };
		115588091ED042C000BC6EB7 /* Info.plist */ = {isa = PBXFileReference; lastKnownFileType = text.plist.xml; path = Info.plist; sourceTree = "<group>"; };
		1155880E1ED042C000BC6EB7 /* TextWikiTests.xctest */ = {isa = PBXFileReference; explicitFileType = wrapper.cfbundle; includeInIndex = 0; path = TextWikiTests.xctest; sourceTree = BUILT_PRODUCTS_DIR; };
		115588141ED042C000BC6EB7 /* Info.plist */ = {isa = PBXFileReference; lastKnownFileType = text.plist.xml; path = Info.plist; sourceTree = "<group>"; };
		181BA6726F7747FE6DDC725E /* SideMenuRouterTests.swift */ = {isa = PBXFileReference; includeInIndex = 1; lastKnownFileType = sourcecode.swift; path = SideMenuRouterTests.swift; sourceTree = "<group>"; };
		1A0F33F19CB588A40F9DFCE5 /* WikiTextRouter.swift */ = {isa = PBXFileReference; includeInIndex = 1; lastKnownFileType = sourcecode.swift; path = WikiTextRouter.swift; sourceTree = "<group>"; };
		2078ED0D50B5BFEBABDD6AD2 /* WikiTextViewTests.swift */ = {isa = PBXFileReference; includeInIndex = 1; lastKnownFileType = sourcecode.swift; path = WikiTextViewTests.swift; sourceTree = "<group>"; };
		285D9C1A29F516EBA79DE046 /* WikiTextInteractorInput.swift */ = {isa = PBXFileReference; includeInIndex = 1; lastKnownFileType = sourcecode.swift; path = WikiTextInteractorInput.swift; sourceTree = "<group>"; };
		2905E9092577E658C050F3BD /* WikiTextModuleInput.swift */ = {isa = PBXFileReference; includeInIndex = 1; lastKnownFileType = sourcecode.swift; path = WikiTextModuleInput.swift; sourceTree = "<group>"; };
		2A502F12A0AD75DA5E9882D7 /* WikiTextInteractorTests.swift */ = {isa = PBXFileReference; includeInIndex = 1; lastKnownFileType = sourcecode.swift; path = WikiTextInteractorTests.swift; sourceTree = "<group>"; };
		2C467CBB3CEC321C21085DBF /* Pods-TextWikiTests.release.xcconfig */ = {isa = PBXFileReference; includeInIndex = 1; lastKnownFileType = text.xcconfig; name = "Pods-TextWikiTests.release.xcconfig"; path = "Pods/Target Support Files/Pods-TextWikiTests/Pods-TextWikiTests.release.xcconfig"; sourceTree = "<group>"; };
		324663E8BEFB8D3A22E101C6 /* SideMenuViewOutput.swift */ = {isa = PBXFileReference; includeInIndex = 1; lastKnownFileType = sourcecode.swift; path = SideMenuViewOutput.swift; sourceTree = "<group>"; };
		3427DE4A73E3D36B82D0B87F /* ApplicationInteractorTests.swift */ = {isa = PBXFileReference; includeInIndex = 1; lastKnownFileType = sourcecode.swift; path = ApplicationInteractorTests.swift; sourceTree = "<group>"; };
		3972E2C6009F182F4033EAE0 /* SideMenuRouterInput.swift */ = {isa = PBXFileReference; includeInIndex = 1; lastKnownFileType = sourcecode.swift; path = SideMenuRouterInput.swift; sourceTree = "<group>"; };
		42DFB4C1585731762A00C211 /* SideMenuInteractorOutput.swift */ = {isa = PBXFileReference; includeInIndex = 1; lastKnownFileType = sourcecode.swift; path = SideMenuInteractorOutput.swift; sourceTree = "<group>"; };
		47A837F3A7A120E5D7185DDF /* ApplicationInteractor.swift */ = {isa = PBXFileReference; includeInIndex = 1; lastKnownFileType = sourcecode.swift; path = ApplicationInteractor.swift; sourceTree = "<group>"; };
		4975C6B4D46E13893452449A /* SideMenuModuleFactory.swift */ = {isa = PBXFileReference; includeInIndex = 1; lastKnownFileType = sourcecode.swift; path = SideMenuModuleFactory.swift; sourceTree = "<group>"; };
		4D17812A4D7173265955B3C0 /* WikiTextInteractor.swift */ = {isa = PBXFileReference; includeInIndex = 1; lastKnownFileType = sourcecode.swift; path = WikiTextInteractor.swift; sourceTree = "<group>"; };
		4E5A7DC1FB0A79AA2655C4B6 /* SideMenuModuleFactoryTests.swift */ = {isa = PBXFileReference; includeInIndex = 1; lastKnownFileType = sourcecode.swift; path = SideMenuModuleFactoryTests.swift; sourceTree = "<group>"; };
		62912FF8E307AEEA42FDD41C /* SideMenuInteractor.swift */ = {isa = PBXFileReference; includeInIndex = 1; lastKnownFileType = sourcecode.swift; path = SideMenuInteractor.swift; sourceTree = "<group>"; };
		6B96E4259252277D40197522 /* WikiTextRouterInput.swift */ = {isa = PBXFileReference; includeInIndex = 1; lastKnownFileType = sourcecode.swift; path = WikiTextRouterInput.swift; sourceTree = "<group>"; };
		7572C038C10757A240BB24F5 /* WikiTextViewOutput.swift */ = {isa = PBXFileReference; includeInIndex = 1; lastKnownFileType = sourcecode.swift; path = WikiTextViewOutput.swift; sourceTree = "<group>"; };
		76DD68FC16ACFF539FC65FDD /* WikiTextRouterTests.swift */ = {isa = PBXFileReference; includeInIndex = 1; lastKnownFileType = sourcecode.swift; path = WikiTextRouterTests.swift; sourceTree = "<group>"; };
		7E1AA9BB46BEDABA92A4CCF3 /* SideMenuViewTests.swift */ = {isa = PBXFileReference; includeInIndex = 1; lastKnownFileType = sourcecode.swift; path = SideMenuViewTests.swift; sourceTree = "<group>"; };
		812AA1C8439744AC59014D64 /* SideMenuModuleInput.swift */ = {isa = PBXFileReference; includeInIndex = 1; lastKnownFileType = sourcecode.swift; path = SideMenuModuleInput.swift; sourceTree = "<group>"; };
		815CF5FFD62D94F3100E75BB /* ApplicationRouterInput.swift */ = {isa = PBXFileReference; includeInIndex = 1; lastKnownFileType = sourcecode.swift; path = ApplicationRouterInput.swift; sourceTree = "<group>"; };
		873EA111459EAA969E6C0B51 /* ApplicationViewController.swift */ = {isa = PBXFileReference; includeInIndex = 1; lastKnownFileType = sourcecode.swift; path = ApplicationViewController.swift; sourceTree = "<group>"; };
		93346CFDBE90D3F43EBA876F /* SideMenuPresenterTests.swift */ = {isa = PBXFileReference; includeInIndex = 1; lastKnownFileType = sourcecode.swift; path = SideMenuPresenterTests.swift; sourceTree = "<group>"; };
		97DC782450463413DE43854F /* SideMenuInteractorTests.swift */ = {isa = PBXFileReference; includeInIndex = 1; lastKnownFileType = sourcecode.swift; path = SideMenuInteractorTests.swift; sourceTree = "<group>"; };
		9991BDA42ECD550CCB70DF60 /* ApplicationViewTests.swift */ = {isa = PBXFileReference; includeInIndex = 1; lastKnownFileType = sourcecode.swift; path = ApplicationViewTests.swift; sourceTree = "<group>"; };
		9A3F95B8A9175B812B6D266D /* WikiTextModuleFactoryTests.swift */ = {isa = PBXFileReference; includeInIndex = 1; lastKnownFileType = sourcecode.swift; path = WikiTextModuleFactoryTests.swift; sourceTree = "<group>"; };
		9B070742F44C1D97376A05F6 /* ApplicationPresenterTests.swift */ = {isa = PBXFileReference; includeInIndex = 1; lastKnownFileType = sourcecode.swift; path = ApplicationPresenterTests.swift; sourceTree = "<group>"; };
		A4350B33C275E23D1798EDAE /* Pods-TextWikiTests.debug.xcconfig */ = {isa = PBXFileReference; includeInIndex = 1; lastKnownFileType = text.xcconfig; name = "Pods-TextWikiTests.debug.xcconfig"; path = "Pods/Target Support Files/Pods-TextWikiTests/Pods-TextWikiTests.debug.xcconfig"; sourceTree = "<group>"; };
		A732A866EEDC947B509165A6 /* SideMenuPresenter.swift */ = {isa = PBXFileReference; includeInIndex = 1; lastKnownFileType = sourcecode.swift; path = SideMenuPresenter.swift; sourceTree = "<group>"; };
		A9A05E4AD8FFBEDCA6AC3ADD /* Pods_TextWiki.framework */ = {isa = PBXFileReference; explicitFileType = wrapper.framework; includeInIndex = 0; path = Pods_TextWiki.framework; sourceTree = BUILT_PRODUCTS_DIR; };
		AB3E43CB8F7C137A15A6CA50 /* ApplicationViewOutput.swift */ = {isa = PBXFileReference; includeInIndex = 1; lastKnownFileType = sourcecode.swift; path = ApplicationViewOutput.swift; sourceTree = "<group>"; };
		ACC41159ECE9536EFBE89897 /* WikiTextViewController.swift */ = {isa = PBXFileReference; includeInIndex = 1; lastKnownFileType = sourcecode.swift; path = WikiTextViewController.swift; sourceTree = "<group>"; };
		B34F837018E7E98334458DD1 /* SideMenuRouter.swift */ = {isa = PBXFileReference; includeInIndex = 1; lastKnownFileType = sourcecode.swift; path = SideMenuRouter.swift; sourceTree = "<group>"; };
		BFD924EBC8A9AB83973F488D /* WikiTextViewInput.swift */ = {isa = PBXFileReference; includeInIndex = 1; lastKnownFileType = sourcecode.swift; path = WikiTextViewInput.swift; sourceTree = "<group>"; };
		C0FD36F444DC24034F362183 /* ApplicationModuleFactory.swift */ = {isa = PBXFileReference; includeInIndex = 1; lastKnownFileType = sourcecode.swift; path = ApplicationModuleFactory.swift; sourceTree = "<group>"; };
		CD47764ACD7118007B4C9DC6 /* ApplicationViewInput.swift */ = {isa = PBXFileReference; includeInIndex = 1; lastKnownFileType = sourcecode.swift; path = ApplicationViewInput.swift; sourceTree = "<group>"; };
		D1862887C40FB0ACD7349853 /* ApplicationInteractorOutput.swift */ = {isa = PBXFileReference; includeInIndex = 1; lastKnownFileType = sourcecode.swift; path = ApplicationInteractorOutput.swift; sourceTree = "<group>"; };
		D4EB3CD41698EDEC27D673E8 /* ApplicationRouter.swift */ = {isa = PBXFileReference; includeInIndex = 1; lastKnownFileType = sourcecode.swift; path = ApplicationRouter.swift; sourceTree = "<group>"; };
		D670A31BE952CB4F56BF9FCF /* WikiTextInteractorOutput.swift */ = {isa = PBXFileReference; includeInIndex = 1; lastKnownFileType = sourcecode.swift; path = WikiTextInteractorOutput.swift; sourceTree = "<group>"; };
		D8080F89F166CA0B85F0F1F1 /* WikiTextModuleFactory.swift */ = {isa = PBXFileReference; includeInIndex = 1; lastKnownFileType = sourcecode.swift; path = WikiTextModuleFactory.swift; sourceTree = "<group>"; };
		E216D15905722531D3C8ADB2 /* ApplicationInteractorInput.swift */ = {isa = PBXFileReference; includeInIndex = 1; lastKnownFileType = sourcecode.swift; path = ApplicationInteractorInput.swift; sourceTree = "<group>"; };
		E2E7EBB1E11F7E57142FBDD3 /* Pods-TextWiki.debug.xcconfig */ = {isa = PBXFileReference; includeInIndex = 1; lastKnownFileType = text.xcconfig; name = "Pods-TextWiki.debug.xcconfig"; path = "Pods/Target Support Files/Pods-TextWiki/Pods-TextWiki.debug.xcconfig"; sourceTree = "<group>"; };
		E64C28F8B0E7496A1BACE7BC /* ApplicationModuleFactoryTests.swift */ = {isa = PBXFileReference; includeInIndex = 1; lastKnownFileType = sourcecode.swift; path = ApplicationModuleFactoryTests.swift; sourceTree = "<group>"; };
		ED021D633F96CD60E0913C2C /* WikiTextPresenter.swift */ = {isa = PBXFileReference; includeInIndex = 1; lastKnownFileType = sourcecode.swift; path = WikiTextPresenter.swift; sourceTree = "<group>"; };
		F930A46F2FAAB446CC8A918E /* Pods_TextWikiTests.framework */ = {isa = PBXFileReference; explicitFileType = wrapper.framework; includeInIndex = 0; path = Pods_TextWikiTests.framework; sourceTree = BUILT_PRODUCTS_DIR; };
		F93E9BF4E55AEC9FFDA4CA02 /* SideMenuViewController.swift */ = {isa = PBXFileReference; includeInIndex = 1; lastKnownFileType = sourcecode.swift; path = SideMenuViewController.swift; sourceTree = "<group>"; };
		FE05D0EB204D8F2E3F15BDEA /* ApplicationRouterTests.swift */ = {isa = PBXFileReference; includeInIndex = 1; lastKnownFileType = sourcecode.swift; path = ApplicationRouterTests.swift; sourceTree = "<group>"; };
/* End PBXFileReference section */

/* Begin PBXFrameworksBuildPhase section */
		115587F71ED042C000BC6EB7 /* Frameworks */ = {
			isa = PBXFrameworksBuildPhase;
			buildActionMask = 2147483647;
			files = (
				3B3142AEADCCFCDD2F83E9D1 /* Pods_TextWiki.framework in Frameworks */,
			);
			runOnlyForDeploymentPostprocessing = 0;
		};
		1155880B1ED042C000BC6EB7 /* Frameworks */ = {
			isa = PBXFrameworksBuildPhase;
			buildActionMask = 2147483647;
			files = (
				A10F963E30046869B9FE2024 /* Pods_TextWikiTests.framework in Frameworks */,
			);
			runOnlyForDeploymentPostprocessing = 0;
		};
/* End PBXFrameworksBuildPhase section */

/* Begin PBXGroup section */
		0CF84450D690763C4D5221AF /* Interactor */ = {
			isa = PBXGroup;
			children = (
				3427DE4A73E3D36B82D0B87F /* ApplicationInteractorTests.swift */,
			);
			path = Interactor;
			sourceTree = "<group>";
		};
		115098D31ED985D000752602 /* Classes */ = {
			isa = PBXGroup;
			children = (
				115098D41ED985E600752602 /* Parser */,
			);
			path = Classes;
			sourceTree = "<group>";
		};
		115098D41ED985E600752602 /* Parser */ = {
			isa = PBXGroup;
			children = (
				115098D81ED986C200752602 /* ParsedObject.swift */,
				115098D51ED9862C00752602 /* Parser.swift */,
				115098DB1ED9870300752602 /* VimwikiParser.swift */,
			);
			path = Parser;
			sourceTree = "<group>";
		};
		115098E11ED9A88600752602 /* Extensions */ = {
			isa = PBXGroup;
			children = (
				115098E21ED9A8A600752602 /* NSRangeExtension.swift */,
			);
			path = Extensions;
			sourceTree = "<group>";
		};
		115587F11ED042C000BC6EB7 = {
			isa = PBXGroup;
			children = (
				115587FC1ED042C000BC6EB7 /* TextWiki */,
				115588111ED042C000BC6EB7 /* TextWikiTests */,
				115587FB1ED042C000BC6EB7 /* Products */,
				70F72445E7FDCB6DAF8AE886 /* Pods */,
				6AD75CD91F15C18E54A696B4 /* Frameworks */,
			);
			sourceTree = "<group>";
		};
		115587FB1ED042C000BC6EB7 /* Products */ = {
			isa = PBXGroup;
			children = (
				115587FA1ED042C000BC6EB7 /* TextWiki.app */,
				1155880E1ED042C000BC6EB7 /* TextWikiTests.xctest */,
			);
			name = Products;
			sourceTree = "<group>";
		};
		115587FC1ED042C000BC6EB7 /* TextWiki */ = {
			isa = PBXGroup;
			children = (
				115588091ED042C000BC6EB7 /* Info.plist */,
				115587FD1ED042C000BC6EB7 /* AppDelegate.swift */,
				115588041ED042C000BC6EB7 /* Assets.xcassets */,
				115588061ED042C000BC6EB7 /* LaunchScreen.storyboard */,
				115098D31ED985D000752602 /* Classes */,
				597BEF3DE1AA2A5493602BA6 /* Modules */,
			);
			path = TextWiki;
			sourceTree = "<group>";
		};
		115588111ED042C000BC6EB7 /* TextWikiTests */ = {
			isa = PBXGroup;
			children = (
				115588141ED042C000BC6EB7 /* Info.plist */,
				115098E11ED9A88600752602 /* Extensions */,
				6BD436AD07C2D921E4F8A025 /* Modules */,
			);
			path = TextWikiTests;
			sourceTree = "<group>";
		};
		1349719C2647372F06CFB148 /* Interactor */ = {
			isa = PBXGroup;
			children = (
				97DC782450463413DE43854F /* SideMenuInteractorTests.swift */,
			);
			path = Interactor;
			sourceTree = "<group>";
		};
		29B2A2C2002B0E1B0AA2CB82 /* Router */ = {
			isa = PBXGroup;
			children = (
				6B96E4259252277D40197522 /* WikiTextRouterInput.swift */,
				1A0F33F19CB588A40F9DFCE5 /* WikiTextRouter.swift */,
			);
			path = Router;
			sourceTree = "<group>";
		};
		2E1C14D1ACEAB8B0D50DC9EE /* Factory */ = {
			isa = PBXGroup;
			children = (
				E64C28F8B0E7496A1BACE7BC /* ApplicationModuleFactoryTests.swift */,
			);
			path = Factory;
			sourceTree = "<group>";
		};
		2F667F71CD0C42120505248F /* SideMenu */ = {
			isa = PBXGroup;
			children = (
				E65B584CD3FC7535CF5801B3 /* View */,
				4146747FFF669AC3A34AAF82 /* Presenter */,
				A31DE9FA50B0636FA95345CE /* Interactor */,
				89F44A89C0D5A8B60D869A19 /* Router */,
				AFDBA5BB98455202BF6C25EF /* Factory */,
			);
			path = SideMenu;
			sourceTree = "<group>";
		};
		370404BC649C647D5F3A32D9 /* View */ = {
			isa = PBXGroup;
			children = (
				7E1AA9BB46BEDABA92A4CCF3 /* SideMenuViewTests.swift */,
			);
			path = View;
			sourceTree = "<group>";
		};
		375FB13B9323A38B129500B2 /* Router */ = {
			isa = PBXGroup;
			children = (
				76DD68FC16ACFF539FC65FDD /* WikiTextRouterTests.swift */,
			);
			path = Router;
			sourceTree = "<group>";
		};
		3FE1288819ACF831716053DB /* Interactor */ = {
			isa = PBXGroup;
			children = (
				E216D15905722531D3C8ADB2 /* ApplicationInteractorInput.swift */,
				D1862887C40FB0ACD7349853 /* ApplicationInteractorOutput.swift */,
				47A837F3A7A120E5D7185DDF /* ApplicationInteractor.swift */,
			);
			path = Interactor;
			sourceTree = "<group>";
		};
		40A539A3F0BB8D88D1F63103 /* Presenter */ = {
			isa = PBXGroup;
			children = (
				2905E9092577E658C050F3BD /* WikiTextModuleInput.swift */,
				ED021D633F96CD60E0913C2C /* WikiTextPresenter.swift */,
			);
			path = Presenter;
			sourceTree = "<group>";
		};
		4146747FFF669AC3A34AAF82 /* Presenter */ = {
			isa = PBXGroup;
			children = (
				812AA1C8439744AC59014D64 /* SideMenuModuleInput.swift */,
				A732A866EEDC947B509165A6 /* SideMenuPresenter.swift */,
			);
			path = Presenter;
			sourceTree = "<group>";
		};
		440FDB85004F192C6E5557C1 /* SideMenu */ = {
			isa = PBXGroup;
			children = (
				EDCA7E952EC5D5BC73713428 /* Factory */,
				370404BC649C647D5F3A32D9 /* View */,
				1349719C2647372F06CFB148 /* Interactor */,
				EE5DBFDE32367ADE8E8F648B /* Presenter */,
				5682E49612DA061ED0F5E021 /* Router */,
			);
			path = SideMenu;
			sourceTree = "<group>";
		};
		52573B3B550C0BA6C8429463 /* Application */ = {
			isa = PBXGroup;
			children = (
				B34FD8D66439737A025F1DF4 /* View */,
				DC2D1981EEE4C7BA3F23A9A5 /* Presenter */,
				3FE1288819ACF831716053DB /* Interactor */,
				8EF8EB83320C95BC85D307FC /* Router */,
				E5BAABED141666CD09C94CFB /* Factory */,
			);
			path = Application;
			sourceTree = "<group>";
		};
		5682E49612DA061ED0F5E021 /* Router */ = {
			isa = PBXGroup;
			children = (
				181BA6726F7747FE6DDC725E /* SideMenuRouterTests.swift */,
			);
			path = Router;
			sourceTree = "<group>";
		};
		597BEF3DE1AA2A5493602BA6 /* Modules */ = {
			isa = PBXGroup;
			children = (
				52573B3B550C0BA6C8429463 /* Application */,
				2F667F71CD0C42120505248F /* SideMenu */,
				C50806808C9DAEE0331DFE52 /* WikiText */,
			);
			path = Modules;
			sourceTree = "<group>";
		};
		6AD75CD91F15C18E54A696B4 /* Frameworks */ = {
			isa = PBXGroup;
			children = (
				A9A05E4AD8FFBEDCA6AC3ADD /* Pods_TextWiki.framework */,
				F930A46F2FAAB446CC8A918E /* Pods_TextWikiTests.framework */,
			);
			name = Frameworks;
			sourceTree = "<group>";
		};
		6BD436AD07C2D921E4F8A025 /* Modules */ = {
			isa = PBXGroup;
			children = (
				96F498446EAD2C9A2352D484 /* Application */,
				440FDB85004F192C6E5557C1 /* SideMenu */,
				97CEB2CB0AFA4DDC11E60B38 /* WikiText */,
			);
			path = Modules;
			sourceTree = "<group>";
		};
		70F72445E7FDCB6DAF8AE886 /* Pods */ = {
			isa = PBXGroup;
			children = (
				E2E7EBB1E11F7E57142FBDD3 /* Pods-TextWiki.debug.xcconfig */,
				0B9CE19A1EC3116E4F42843C /* Pods-TextWiki.release.xcconfig */,
				A4350B33C275E23D1798EDAE /* Pods-TextWikiTests.debug.xcconfig */,
				2C467CBB3CEC321C21085DBF /* Pods-TextWikiTests.release.xcconfig */,
			);
			name = Pods;
			sourceTree = "<group>";
		};
		7E41A467FEE145D3CA847AE7 /* Presenter */ = {
			isa = PBXGroup;
			children = (
				9B070742F44C1D97376A05F6 /* ApplicationPresenterTests.swift */,
			);
			path = Presenter;
			sourceTree = "<group>";
		};
		89F44A89C0D5A8B60D869A19 /* Router */ = {
			isa = PBXGroup;
			children = (
				3972E2C6009F182F4033EAE0 /* SideMenuRouterInput.swift */,
				B34F837018E7E98334458DD1 /* SideMenuRouter.swift */,
			);
			path = Router;
			sourceTree = "<group>";
		};
		8E05AA935EE9A0BB383E7AFC /* Presenter */ = {
			isa = PBXGroup;
			children = (
				0E347F0266E411EC4D7E4A8D /* WikiTextPresenterTests.swift */,
			);
			path = Presenter;
			sourceTree = "<group>";
		};
		8EF8EB83320C95BC85D307FC /* Router */ = {
			isa = PBXGroup;
			children = (
				815CF5FFD62D94F3100E75BB /* ApplicationRouterInput.swift */,
				D4EB3CD41698EDEC27D673E8 /* ApplicationRouter.swift */,
			);
			path = Router;
			sourceTree = "<group>";
		};
		96F498446EAD2C9A2352D484 /* Application */ = {
			isa = PBXGroup;
			children = (
				2E1C14D1ACEAB8B0D50DC9EE /* Factory */,
				FCC5421443EC871C35B1DB12 /* View */,
				0CF84450D690763C4D5221AF /* Interactor */,
				7E41A467FEE145D3CA847AE7 /* Presenter */,
				ACA1FA3C9BFA43A5964407E5 /* Router */,
			);
			path = Application;
			sourceTree = "<group>";
		};
		97CEB2CB0AFA4DDC11E60B38 /* WikiText */ = {
			isa = PBXGroup;
			children = (
				EFDC10D4995DD55F32AACD0E /* Factory */,
				A0A879103A1788AD3AB53AB5 /* View */,
				E00407777DB3150A200C017B /* Interactor */,
				8E05AA935EE9A0BB383E7AFC /* Presenter */,
				375FB13B9323A38B129500B2 /* Router */,
			);
			path = WikiText;
			sourceTree = "<group>";
		};
		A0A879103A1788AD3AB53AB5 /* View */ = {
			isa = PBXGroup;
			children = (
				2078ED0D50B5BFEBABDD6AD2 /* WikiTextViewTests.swift */,
			);
			path = View;
			sourceTree = "<group>";
		};
		A31DE9FA50B0636FA95345CE /* Interactor */ = {
			isa = PBXGroup;
			children = (
				0CF37805AA60B24757CBC700 /* SideMenuInteractorInput.swift */,
				42DFB4C1585731762A00C211 /* SideMenuInteractorOutput.swift */,
				62912FF8E307AEEA42FDD41C /* SideMenuInteractor.swift */,
			);
			path = Interactor;
			sourceTree = "<group>";
		};
		ACA1FA3C9BFA43A5964407E5 /* Router */ = {
			isa = PBXGroup;
			children = (
				FE05D0EB204D8F2E3F15BDEA /* ApplicationRouterTests.swift */,
			);
			path = Router;
			sourceTree = "<group>";
		};
		AFDBA5BB98455202BF6C25EF /* Factory */ = {
			isa = PBXGroup;
			children = (
				4975C6B4D46E13893452449A /* SideMenuModuleFactory.swift */,
			);
			path = Factory;
			sourceTree = "<group>";
		};
		B34FD8D66439737A025F1DF4 /* View */ = {
			isa = PBXGroup;
			children = (
				CD47764ACD7118007B4C9DC6 /* ApplicationViewInput.swift */,
				AB3E43CB8F7C137A15A6CA50 /* ApplicationViewOutput.swift */,
				873EA111459EAA969E6C0B51 /* ApplicationViewController.swift */,
			);
			path = View;
			sourceTree = "<group>";
		};
		BA490A305FCB69550F31EEE5 /* Interactor */ = {
			isa = PBXGroup;
			children = (
				285D9C1A29F516EBA79DE046 /* WikiTextInteractorInput.swift */,
				D670A31BE952CB4F56BF9FCF /* WikiTextInteractorOutput.swift */,
				4D17812A4D7173265955B3C0 /* WikiTextInteractor.swift */,
			);
			path = Interactor;
			sourceTree = "<group>";
		};
		C50806808C9DAEE0331DFE52 /* WikiText */ = {
			isa = PBXGroup;
			children = (
				D50CF9846C8B41EA7134F99F /* View */,
				40A539A3F0BB8D88D1F63103 /* Presenter */,
				BA490A305FCB69550F31EEE5 /* Interactor */,
				29B2A2C2002B0E1B0AA2CB82 /* Router */,
				EE2EB7BE11237841D46E2312 /* Factory */,
			);
			path = WikiText;
			sourceTree = "<group>";
		};
		D50CF9846C8B41EA7134F99F /* View */ = {
			isa = PBXGroup;
			children = (
				BFD924EBC8A9AB83973F488D /* WikiTextViewInput.swift */,
				7572C038C10757A240BB24F5 /* WikiTextViewOutput.swift */,
				ACC41159ECE9536EFBE89897 /* WikiTextViewController.swift */,
				115098DE1ED9925500752602 /* WikiTextViewTextStyle.swift */,
			);
			path = View;
			sourceTree = "<group>";
		};
		DC2D1981EEE4C7BA3F23A9A5 /* Presenter */ = {
			isa = PBXGroup;
			children = (
				04AA397BBBA70E24EBBBDB7B /* ApplicationModuleInput.swift */,
				0BC64C58A1D6AA5BA2F96760 /* ApplicationPresenter.swift */,
			);
			path = Presenter;
			sourceTree = "<group>";
		};
		E00407777DB3150A200C017B /* Interactor */ = {
			isa = PBXGroup;
			children = (
				2A502F12A0AD75DA5E9882D7 /* WikiTextInteractorTests.swift */,
			);
			path = Interactor;
			sourceTree = "<group>";
		};
		E5BAABED141666CD09C94CFB /* Factory */ = {
			isa = PBXGroup;
			children = (
				C0FD36F444DC24034F362183 /* ApplicationModuleFactory.swift */,
			);
			path = Factory;
			sourceTree = "<group>";
		};
		E65B584CD3FC7535CF5801B3 /* View */ = {
			isa = PBXGroup;
			children = (
				023C9D64A5C6C76160DB4D59 /* SideMenuViewInput.swift */,
				324663E8BEFB8D3A22E101C6 /* SideMenuViewOutput.swift */,
				F93E9BF4E55AEC9FFDA4CA02 /* SideMenuViewController.swift */,
			);
			path = View;
			sourceTree = "<group>";
		};
		EDCA7E952EC5D5BC73713428 /* Factory */ = {
			isa = PBXGroup;
			children = (
				4E5A7DC1FB0A79AA2655C4B6 /* SideMenuModuleFactoryTests.swift */,
			);
			path = Factory;
			sourceTree = "<group>";
		};
		EE2EB7BE11237841D46E2312 /* Factory */ = {
			isa = PBXGroup;
			children = (
				D8080F89F166CA0B85F0F1F1 /* WikiTextModuleFactory.swift */,
			);
			path = Factory;
			sourceTree = "<group>";
		};
		EE5DBFDE32367ADE8E8F648B /* Presenter */ = {
			isa = PBXGroup;
			children = (
				93346CFDBE90D3F43EBA876F /* SideMenuPresenterTests.swift */,
			);
			path = Presenter;
			sourceTree = "<group>";
		};
		EFDC10D4995DD55F32AACD0E /* Factory */ = {
			isa = PBXGroup;
			children = (
				9A3F95B8A9175B812B6D266D /* WikiTextModuleFactoryTests.swift */,
			);
			path = Factory;
			sourceTree = "<group>";
		};
		FCC5421443EC871C35B1DB12 /* View */ = {
			isa = PBXGroup;
			children = (
				9991BDA42ECD550CCB70DF60 /* ApplicationViewTests.swift */,
			);
			path = View;
			sourceTree = "<group>";
		};
/* End PBXGroup section */

/* Begin PBXNativeTarget section */
		115587F91ED042C000BC6EB7 /* TextWiki */ = {
			isa = PBXNativeTarget;
			buildConfigurationList = 115588171ED042C000BC6EB7 /* Build configuration list for PBXNativeTarget "TextWiki" */;
			buildPhases = (
				2A695A26C6340ACDB5ECA8E2 /* [CP] Check Pods Manifest.lock */,
				115587F61ED042C000BC6EB7 /* Sources */,
				115587F71ED042C000BC6EB7 /* Frameworks */,
				115587F81ED042C000BC6EB7 /* Resources */,
				7FE6F7A2820A1284B0DE19D3 /* [CP] Embed Pods Frameworks */,
				34C5B17579DA4CF9DCF2E42A /* [CP] Copy Pods Resources */,
			);
			buildRules = (
			);
			dependencies = (
			);
			name = TextWiki;
			productName = TextWiki;
			productReference = 115587FA1ED042C000BC6EB7 /* TextWiki.app */;
			productType = "com.apple.product-type.application";
		};
		1155880D1ED042C000BC6EB7 /* TextWikiTests */ = {
			isa = PBXNativeTarget;
			buildConfigurationList = 1155881A1ED042C000BC6EB7 /* Build configuration list for PBXNativeTarget "TextWikiTests" */;
			buildPhases = (
				8A44D5BA1F13D20141720ABA /* [CP] Check Pods Manifest.lock */,
				1155880A1ED042C000BC6EB7 /* Sources */,
				1155880B1ED042C000BC6EB7 /* Frameworks */,
				1155880C1ED042C000BC6EB7 /* Resources */,
				33A6744F9AD020FD7F1E5971 /* [CP] Embed Pods Frameworks */,
				25DD0571EB38092DDE2271EF /* [CP] Copy Pods Resources */,
			);
			buildRules = (
			);
			dependencies = (
				115588101ED042C000BC6EB7 /* PBXTargetDependency */,
			);
			name = TextWikiTests;
			productName = TextWikiTests;
			productReference = 1155880E1ED042C000BC6EB7 /* TextWikiTests.xctest */;
			productType = "com.apple.product-type.bundle.unit-test";
		};
/* End PBXNativeTarget section */

/* Begin PBXProject section */
		115587F21ED042C000BC6EB7 /* Project object */ = {
			isa = PBXProject;
			attributes = {
				LastSwiftUpdateCheck = 0830;
				LastUpgradeCheck = 0830;
				ORGANIZATIONNAME = "Dmytro Vorobiov";
				TargetAttributes = {
					115587F91ED042C000BC6EB7 = {
						CreatedOnToolsVersion = 8.3.2;
						DevelopmentTeam = NHVF8NSG3J;
						ProvisioningStyle = Automatic;
					};
					1155880D1ED042C000BC6EB7 = {
						CreatedOnToolsVersion = 8.3.2;
						DevelopmentTeam = NHVF8NSG3J;
						ProvisioningStyle = Automatic;
						TestTargetID = 115587F91ED042C000BC6EB7;
					};
				};
			};
			buildConfigurationList = 115587F51ED042C000BC6EB7 /* Build configuration list for PBXProject "TextWiki" */;
			compatibilityVersion = "Xcode 3.2";
			developmentRegion = English;
			hasScannedForEncodings = 0;
			knownRegions = (
				en,
				Base,
			);
			mainGroup = 115587F11ED042C000BC6EB7;
			productRefGroup = 115587FB1ED042C000BC6EB7 /* Products */;
			projectDirPath = "";
			projectRoot = "";
			targets = (
				115587F91ED042C000BC6EB7 /* TextWiki */,
				1155880D1ED042C000BC6EB7 /* TextWikiTests */,
			);
		};
/* End PBXProject section */

/* Begin PBXResourcesBuildPhase section */
		115587F81ED042C000BC6EB7 /* Resources */ = {
			isa = PBXResourcesBuildPhase;
			buildActionMask = 2147483647;
			files = (
				115588081ED042C000BC6EB7 /* LaunchScreen.storyboard in Resources */,
				115588051ED042C000BC6EB7 /* Assets.xcassets in Resources */,
			);
			runOnlyForDeploymentPostprocessing = 0;
		};
		1155880C1ED042C000BC6EB7 /* Resources */ = {
			isa = PBXResourcesBuildPhase;
			buildActionMask = 2147483647;
			files = (
			);
			runOnlyForDeploymentPostprocessing = 0;
		};
/* End PBXResourcesBuildPhase section */

/* Begin PBXShellScriptBuildPhase section */
		25DD0571EB38092DDE2271EF /* [CP] Copy Pods Resources */ = {
			isa = PBXShellScriptBuildPhase;
			buildActionMask = 2147483647;
			files = (
			);
			inputPaths = (
			);
			name = "[CP] Copy Pods Resources";
			outputPaths = (
			);
			runOnlyForDeploymentPostprocessing = 0;
			shellPath = /bin/sh;
			shellScript = "\"${SRCROOT}/Pods/Target Support Files/Pods-TextWikiTests/Pods-TextWikiTests-resources.sh\"\n";
			showEnvVarsInLog = 0;
		};
		2A695A26C6340ACDB5ECA8E2 /* [CP] Check Pods Manifest.lock */ = {
			isa = PBXShellScriptBuildPhase;
			buildActionMask = 2147483647;
			files = (
			);
			inputPaths = (
			);
			name = "[CP] Check Pods Manifest.lock";
			outputPaths = (
			);
			runOnlyForDeploymentPostprocessing = 0;
			shellPath = /bin/sh;
			shellScript = "diff \"${PODS_PODFILE_DIR_PATH}/Podfile.lock\" \"${PODS_ROOT}/Manifest.lock\" > /dev/null\nif [ $? != 0 ] ; then\n    # print error to STDERR\n    echo \"error: The sandbox is not in sync with the Podfile.lock. Run 'pod install' or update your CocoaPods installation.\" >&2\n    exit 1\nfi\n";
			showEnvVarsInLog = 0;
		};
		33A6744F9AD020FD7F1E5971 /* [CP] Embed Pods Frameworks */ = {
			isa = PBXShellScriptBuildPhase;
			buildActionMask = 2147483647;
			files = (
			);
			inputPaths = (
			);
			name = "[CP] Embed Pods Frameworks";
			outputPaths = (
			);
			runOnlyForDeploymentPostprocessing = 0;
			shellPath = /bin/sh;
			shellScript = "\"${SRCROOT}/Pods/Target Support Files/Pods-TextWikiTests/Pods-TextWikiTests-frameworks.sh\"\n";
			showEnvVarsInLog = 0;
		};
		34C5B17579DA4CF9DCF2E42A /* [CP] Copy Pods Resources */ = {
			isa = PBXShellScriptBuildPhase;
			buildActionMask = 2147483647;
			files = (
			);
			inputPaths = (
			);
			name = "[CP] Copy Pods Resources";
			outputPaths = (
			);
			runOnlyForDeploymentPostprocessing = 0;
			shellPath = /bin/sh;
			shellScript = "\"${SRCROOT}/Pods/Target Support Files/Pods-TextWiki/Pods-TextWiki-resources.sh\"\n";
			showEnvVarsInLog = 0;
		};
		7FE6F7A2820A1284B0DE19D3 /* [CP] Embed Pods Frameworks */ = {
			isa = PBXShellScriptBuildPhase;
			buildActionMask = 2147483647;
			files = (
			);
			inputPaths = (
			);
			name = "[CP] Embed Pods Frameworks";
			outputPaths = (
			);
			runOnlyForDeploymentPostprocessing = 0;
			shellPath = /bin/sh;
			shellScript = "\"${SRCROOT}/Pods/Target Support Files/Pods-TextWiki/Pods-TextWiki-frameworks.sh\"\n";
			showEnvVarsInLog = 0;
		};
		8A44D5BA1F13D20141720ABA /* [CP] Check Pods Manifest.lock */ = {
			isa = PBXShellScriptBuildPhase;
			buildActionMask = 2147483647;
			files = (
			);
			inputPaths = (
			);
			name = "[CP] Check Pods Manifest.lock";
			outputPaths = (
			);
			runOnlyForDeploymentPostprocessing = 0;
			shellPath = /bin/sh;
			shellScript = "diff \"${PODS_PODFILE_DIR_PATH}/Podfile.lock\" \"${PODS_ROOT}/Manifest.lock\" > /dev/null\nif [ $? != 0 ] ; then\n    # print error to STDERR\n    echo \"error: The sandbox is not in sync with the Podfile.lock. Run 'pod install' or update your CocoaPods installation.\" >&2\n    exit 1\nfi\n";
			showEnvVarsInLog = 0;
		};
/* End PBXShellScriptBuildPhase section */

/* Begin PBXSourcesBuildPhase section */
		115587F61ED042C000BC6EB7 /* Sources */ = {
			isa = PBXSourcesBuildPhase;
			buildActionMask = 2147483647;
			files = (
				115587FE1ED042C000BC6EB7 /* AppDelegate.swift in Sources */,
				A0C0B9C6E0592CEDFF67E9FE /* ApplicationViewInput.swift in Sources */,
				291882FEEBC5A23260A70A18 /* ApplicationViewOutput.swift in Sources */,
				1F13C1CAA0E3416E5CF76F8D /* ApplicationViewController.swift in Sources */,
				FBEAC9E30B7518D3E6CBD6B4 /* ApplicationModuleInput.swift in Sources */,
				1DBEC7AA1B8A8F85C56A6568 /* ApplicationPresenter.swift in Sources */,
				03231BCB8AB7C760C4B8D149 /* ApplicationInteractorInput.swift in Sources */,
				72DB5F36405410766B1BFB2F /* ApplicationInteractorOutput.swift in Sources */,
				C352697689A5EF347F22823C /* ApplicationInteractor.swift in Sources */,
				115098DC1ED9870300752602 /* VimwikiParser.swift in Sources */,
				DC2D2A135B19E565AEF8FDE2 /* ApplicationRouterInput.swift in Sources */,
				2D556A27325BFA674D1E7C6F /* ApplicationRouter.swift in Sources */,
				1300C08A02F4F4661C6D8B5E /* ApplicationModuleFactory.swift in Sources */,
				9AD81C82046B881C1F2814DC /* SideMenuViewInput.swift in Sources */,
				9BFD29302ABCA5FB1D2FBAF4 /* SideMenuViewOutput.swift in Sources */,
				879D7613ED83B694F17370C5 /* SideMenuViewController.swift in Sources */,
				0F30E5663CE28E83DC7665BB /* SideMenuModuleInput.swift in Sources */,
				1897E5D2A55D914C6BA32580 /* SideMenuPresenter.swift in Sources */,
				ADE99777F17493FFB012BF08 /* SideMenuInteractorInput.swift in Sources */,
				F027C06A063DDCB7F4290362 /* SideMenuInteractorOutput.swift in Sources */,
				A11AFE1EAD2817476181636B /* SideMenuInteractor.swift in Sources */,
				920BB6DCFDD58CB639494350 /* SideMenuRouterInput.swift in Sources */,
				F537158D3C632BDA57E3715B /* SideMenuRouter.swift in Sources */,
				115098D91ED986C200752602 /* ParsedObject.swift in Sources */,
				8A851FFF8BF720793912EE15 /* SideMenuModuleFactory.swift in Sources */,
				B58C86EE05AC446E1C4EB0EE /* WikiTextViewInput.swift in Sources */,
				4FF5C7DA4AAD9A3B77DBB49F /* WikiTextViewOutput.swift in Sources */,
				22740D376A7AD50118087B3D /* WikiTextViewController.swift in Sources */,
				5CEFD9E95E211E6ECB3CE2D1 /* WikiTextModuleInput.swift in Sources */,
				D59AAADB825E0FD657CBD7B3 /* WikiTextPresenter.swift in Sources */,
				115098DF1ED9925500752602 /* WikiTextViewTextStyle.swift in Sources */,
				DE168D36F256703016DE8E8B /* WikiTextInteractorInput.swift in Sources */,
				A0CC592AD7D640C0D97BF25E /* WikiTextInteractorOutput.swift in Sources */,
				1DDEE8AFA1CA2D6E94FC3B1A /* WikiTextInteractor.swift in Sources */,
				115098D61ED9862C00752602 /* Parser.swift in Sources */,
				4573A289DD47B3662C775A4B /* WikiTextRouterInput.swift in Sources */,
				8E7F0B34787E38A06B61DE84 /* WikiTextRouter.swift in Sources */,
				3AAE0112652D922478D3B9F0 /* WikiTextModuleFactory.swift in Sources */,
			);
			runOnlyForDeploymentPostprocessing = 0;
		};
		1155880A1ED042C000BC6EB7 /* Sources */ = {
			isa = PBXSourcesBuildPhase;
			buildActionMask = 2147483647;
			files = (
				FD561965B148F6827EE9EBAA /* ApplicationViewInput.swift in Sources */,
				14EF26B704C36F9A1F238B9B /* ApplicationViewOutput.swift in Sources */,
				23190652320EF3E65909E5CE /* ApplicationViewController.swift in Sources */,
				08E3E28332533B98BA0A57FE /* ApplicationModuleInput.swift in Sources */,
				2A034309B4FBCC2BF92651F1 /* ApplicationPresenter.swift in Sources */,
				EEA9066E52E44C4E6D3FD890 /* ApplicationInteractorInput.swift in Sources */,
				7B50B75FB5AE0B1D880641AD /* ApplicationInteractorOutput.swift in Sources */,
				49BF004D5FE8DE452536D78C /* ApplicationInteractor.swift in Sources */,
				AA01F0E54CE709DF25AD54EF /* ApplicationRouterInput.swift in Sources */,
				4BFCDF84C99033E01989C4EE /* ApplicationRouter.swift in Sources */,
				D9FC355D5D4EBB33F7342741 /* ApplicationModuleFactory.swift in Sources */,
				C08C2843014EDB58A687CBEA /* ApplicationModuleFactoryTests.swift in Sources */,
				3BA5EC85069368420F21E43C /* ApplicationViewTests.swift in Sources */,
				73A5875724A99480F9F3C1C6 /* ApplicationInteractorTests.swift in Sources */,
				C4229F34BFB857572999E6E4 /* ApplicationPresenterTests.swift in Sources */,
				115098E01ED9925500752602 /* WikiTextViewTextStyle.swift in Sources */,
				933F1FC4C9B6080B33BAE9BF /* ApplicationRouterTests.swift in Sources */,
				35F569E53C5386A94B1D13B7 /* SideMenuViewInput.swift in Sources */,
				F91451C5081F9209BEE18229 /* SideMenuViewOutput.swift in Sources */,
				152FA5BF700A180AD1CB8E9E /* SideMenuViewController.swift in Sources */,
				AFEE62E96B08050E6A0171F8 /* SideMenuModuleInput.swift in Sources */,
				EA4882C858E332D1A079D4B9 /* SideMenuPresenter.swift in Sources */,
				1AF362F60FCF613C6003EECE /* SideMenuInteractorInput.swift in Sources */,
				59DB3B87B36C1604BE42C796 /* SideMenuInteractorOutput.swift in Sources */,
				6C9A90206FC7F2FB1EAF5FAA /* SideMenuInteractor.swift in Sources */,
				B138317C3065A2028487664B /* SideMenuRouterInput.swift in Sources */,
				9D24987F1123D61CF3049394 /* SideMenuRouter.swift in Sources */,
				9C46A3020DD8D695CBC3AB15 /* SideMenuModuleFactory.swift in Sources */,
				B826716C561E16A77BFC4FE1 /* SideMenuModuleFactoryTests.swift in Sources */,
				6BB40365A0709A17F61943A0 /* SideMenuViewTests.swift in Sources */,
				574721DB927FAB5AB7F337C1 /* SideMenuInteractorTests.swift in Sources */,
				748B0CB4F500903CE024359E /* SideMenuPresenterTests.swift in Sources */,
				EB91AC66CC60B6C66899BF2F /* SideMenuRouterTests.swift in Sources */,
				65694E21B07C0FD0F13CD8C2 /* WikiTextViewInput.swift in Sources */,
				E48C27E1B77E6CFB8EB3A9F1 /* WikiTextViewOutput.swift in Sources */,
				19275D31A1A22960C4318EEC /* WikiTextViewController.swift in Sources */,
				115098E31ED9A8A600752602 /* NSRangeExtension.swift in Sources */,
				20A0AA1FFCCF360B7EF2575B /* WikiTextModuleInput.swift in Sources */,
				B5C9D445610AB8FA62DC94DD /* WikiTextPresenter.swift in Sources */,
				419351250FE0657990FF4BEE /* WikiTextInteractorInput.swift in Sources */,
				AEF28F03AACEF72F5CFBD6BA /* WikiTextInteractorOutput.swift in Sources */,
				0F9176F8FC8261F1F8979FB7 /* WikiTextInteractor.swift in Sources */,
				4A279536A2AC9C79FD03B4C9 /* WikiTextRouterInput.swift in Sources */,
				115098D71ED9862C00752602 /* Parser.swift in Sources */,
				115098DD1ED9870300752602 /* VimwikiParser.swift in Sources */,
				A5A221DF8D6CD287F062D318 /* WikiTextRouter.swift in Sources */,
				175C0CD1A98A411BFAA00267 /* WikiTextModuleFactory.swift in Sources */,
				93CB47B28971473412049EE9 /* WikiTextModuleFactoryTests.swift in Sources */,
				7E0AE507F70BFB9F73938CEE /* WikiTextViewTests.swift in Sources */,
				115098DA1ED986C200752602 /* ParsedObject.swift in Sources */,
				4DB2327F3D435D959C9BAB15 /* WikiTextInteractorTests.swift in Sources */,
				907340846B64F1155B04D847 /* WikiTextPresenterTests.swift in Sources */,
				DFA5E73EE664F4A03941456B /* WikiTextRouterTests.swift in Sources */,
			);
			runOnlyForDeploymentPostprocessing = 0;
		};
/* End PBXSourcesBuildPhase section */

/* Begin PBXTargetDependency section */
		115588101ED042C000BC6EB7 /* PBXTargetDependency */ = {
			isa = PBXTargetDependency;
			target = 115587F91ED042C000BC6EB7 /* TextWiki */;
			targetProxy = 1155880F1ED042C000BC6EB7 /* PBXContainerItemProxy */;
		};
/* End PBXTargetDependency section */

/* Begin PBXVariantGroup section */
		115588061ED042C000BC6EB7 /* LaunchScreen.storyboard */ = {
			isa = PBXVariantGroup;
			children = (
				115588071ED042C000BC6EB7 /* Base */,
			);
			name = LaunchScreen.storyboard;
			sourceTree = "<group>";
		};
/* End PBXVariantGroup section */

/* Begin XCBuildConfiguration section */
		115588151ED042C000BC6EB7 /* Debug */ = {
			isa = XCBuildConfiguration;
			buildSettings = {
				ALWAYS_SEARCH_USER_PATHS = NO;
				CLANG_ANALYZER_NONNULL = YES;
				CLANG_ANALYZER_NUMBER_OBJECT_CONVERSION = YES_AGGRESSIVE;
				CLANG_CXX_LANGUAGE_STANDARD = "gnu++0x";
				CLANG_CXX_LIBRARY = "libc++";
				CLANG_ENABLE_MODULES = YES;
				CLANG_ENABLE_OBJC_ARC = YES;
				CLANG_WARN_BOOL_CONVERSION = YES;
				CLANG_WARN_CONSTANT_CONVERSION = YES;
				CLANG_WARN_DIRECT_OBJC_ISA_USAGE = YES_ERROR;
				CLANG_WARN_DOCUMENTATION_COMMENTS = YES;
				CLANG_WARN_EMPTY_BODY = YES;
				CLANG_WARN_ENUM_CONVERSION = YES;
				CLANG_WARN_INFINITE_RECURSION = YES;
				CLANG_WARN_INT_CONVERSION = YES;
				CLANG_WARN_OBJC_ROOT_CLASS = YES_ERROR;
				CLANG_WARN_SUSPICIOUS_MOVE = YES;
				CLANG_WARN_UNREACHABLE_CODE = YES;
				CLANG_WARN__DUPLICATE_METHOD_MATCH = YES;
				"CODE_SIGN_IDENTITY[sdk=iphoneos*]" = "iPhone Developer";
				COPY_PHASE_STRIP = NO;
				DEBUG_INFORMATION_FORMAT = dwarf;
				ENABLE_STRICT_OBJC_MSGSEND = YES;
				ENABLE_TESTABILITY = YES;
				GCC_C_LANGUAGE_STANDARD = gnu99;
				GCC_DYNAMIC_NO_PIC = NO;
				GCC_NO_COMMON_BLOCKS = YES;
				GCC_OPTIMIZATION_LEVEL = 0;
				GCC_PREPROCESSOR_DEFINITIONS = (
					"DEBUG=1",
					"$(inherited)",
				);
				GCC_WARN_64_TO_32_BIT_CONVERSION = YES;
				GCC_WARN_ABOUT_RETURN_TYPE = YES_ERROR;
				GCC_WARN_UNDECLARED_SELECTOR = YES;
				GCC_WARN_UNINITIALIZED_AUTOS = YES_AGGRESSIVE;
				GCC_WARN_UNUSED_FUNCTION = YES;
				GCC_WARN_UNUSED_VARIABLE = YES;
				IPHONEOS_DEPLOYMENT_TARGET = 10.3;
				MTL_ENABLE_DEBUG_INFO = YES;
				ONLY_ACTIVE_ARCH = YES;
				SDKROOT = iphoneos;
				SWIFT_ACTIVE_COMPILATION_CONDITIONS = DEBUG;
				SWIFT_OPTIMIZATION_LEVEL = "-Onone";
				TARGETED_DEVICE_FAMILY = "1,2";
			};
			name = Debug;
		};
		115588161ED042C000BC6EB7 /* Release */ = {
			isa = XCBuildConfiguration;
			buildSettings = {
				ALWAYS_SEARCH_USER_PATHS = NO;
				CLANG_ANALYZER_NONNULL = YES;
				CLANG_ANALYZER_NUMBER_OBJECT_CONVERSION = YES_AGGRESSIVE;
				CLANG_CXX_LANGUAGE_STANDARD = "gnu++0x";
				CLANG_CXX_LIBRARY = "libc++";
				CLANG_ENABLE_MODULES = YES;
				CLANG_ENABLE_OBJC_ARC = YES;
				CLANG_WARN_BOOL_CONVERSION = YES;
				CLANG_WARN_CONSTANT_CONVERSION = YES;
				CLANG_WARN_DIRECT_OBJC_ISA_USAGE = YES_ERROR;
				CLANG_WARN_DOCUMENTATION_COMMENTS = YES;
				CLANG_WARN_EMPTY_BODY = YES;
				CLANG_WARN_ENUM_CONVERSION = YES;
				CLANG_WARN_INFINITE_RECURSION = YES;
				CLANG_WARN_INT_CONVERSION = YES;
				CLANG_WARN_OBJC_ROOT_CLASS = YES_ERROR;
				CLANG_WARN_SUSPICIOUS_MOVE = YES;
				CLANG_WARN_UNREACHABLE_CODE = YES;
				CLANG_WARN__DUPLICATE_METHOD_MATCH = YES;
				"CODE_SIGN_IDENTITY[sdk=iphoneos*]" = "iPhone Developer";
				COPY_PHASE_STRIP = NO;
				DEBUG_INFORMATION_FORMAT = "dwarf-with-dsym";
				ENABLE_NS_ASSERTIONS = NO;
				ENABLE_STRICT_OBJC_MSGSEND = YES;
				GCC_C_LANGUAGE_STANDARD = gnu99;
				GCC_NO_COMMON_BLOCKS = YES;
				GCC_WARN_64_TO_32_BIT_CONVERSION = YES;
				GCC_WARN_ABOUT_RETURN_TYPE = YES_ERROR;
				GCC_WARN_UNDECLARED_SELECTOR = YES;
				GCC_WARN_UNINITIALIZED_AUTOS = YES_AGGRESSIVE;
				GCC_WARN_UNUSED_FUNCTION = YES;
				GCC_WARN_UNUSED_VARIABLE = YES;
				IPHONEOS_DEPLOYMENT_TARGET = 10.3;
				MTL_ENABLE_DEBUG_INFO = NO;
				SDKROOT = iphoneos;
				SWIFT_OPTIMIZATION_LEVEL = "-Owholemodule";
				TARGETED_DEVICE_FAMILY = "1,2";
				VALIDATE_PRODUCT = YES;
			};
			name = Release;
		};
		115588181ED042C000BC6EB7 /* Debug */ = {
			isa = XCBuildConfiguration;
			baseConfigurationReference = E2E7EBB1E11F7E57142FBDD3 /* Pods-TextWiki.debug.xcconfig */;
			buildSettings = {
				ASSETCATALOG_COMPILER_APPICON_NAME = AppIcon;
				DEVELOPMENT_TEAM = NHVF8NSG3J;
				INFOPLIST_FILE = TextWiki/Info.plist;
				IPHONEOS_DEPLOYMENT_TARGET = 8.0;
				LD_RUNPATH_SEARCH_PATHS = "$(inherited) @executable_path/Frameworks";
				PRODUCT_BUNDLE_IDENTIFIER = me.dvor.TextWiki;
				PRODUCT_NAME = "$(TARGET_NAME)";
				SWIFT_VERSION = 3.0;
			};
			name = Debug;
		};
		115588191ED042C000BC6EB7 /* Release */ = {
			isa = XCBuildConfiguration;
			baseConfigurationReference = 0B9CE19A1EC3116E4F42843C /* Pods-TextWiki.release.xcconfig */;
			buildSettings = {
				ASSETCATALOG_COMPILER_APPICON_NAME = AppIcon;
				DEVELOPMENT_TEAM = NHVF8NSG3J;
				INFOPLIST_FILE = TextWiki/Info.plist;
				IPHONEOS_DEPLOYMENT_TARGET = 8.0;
				LD_RUNPATH_SEARCH_PATHS = "$(inherited) @executable_path/Frameworks";
				PRODUCT_BUNDLE_IDENTIFIER = me.dvor.TextWiki;
				PRODUCT_NAME = "$(TARGET_NAME)";
				SWIFT_VERSION = 3.0;
			};
			name = Release;
		};
		1155881B1ED042C000BC6EB7 /* Debug */ = {
			isa = XCBuildConfiguration;
			baseConfigurationReference = A4350B33C275E23D1798EDAE /* Pods-TextWikiTests.debug.xcconfig */;
			buildSettings = {
				BUNDLE_LOADER = "$(TEST_HOST)";
				DEVELOPMENT_TEAM = NHVF8NSG3J;
				INFOPLIST_FILE = TextWikiTests/Info.plist;
				LD_RUNPATH_SEARCH_PATHS = "$(inherited) @executable_path/Frameworks @loader_path/Frameworks";
				PRODUCT_BUNDLE_IDENTIFIER = me.dvor.TextWikiTests;
				PRODUCT_NAME = "$(TARGET_NAME)";
				SWIFT_VERSION = 3.0;
				TEST_HOST = "$(BUILT_PRODUCTS_DIR)/TextWiki.app/TextWiki";
			};
			name = Debug;
		};
		1155881C1ED042C000BC6EB7 /* Release */ = {
			isa = XCBuildConfiguration;
			baseConfigurationReference = 2C467CBB3CEC321C21085DBF /* Pods-TextWikiTests.release.xcconfig */;
			buildSettings = {
				BUNDLE_LOADER = "$(TEST_HOST)";
				DEVELOPMENT_TEAM = NHVF8NSG3J;
				INFOPLIST_FILE = TextWikiTests/Info.plist;
				LD_RUNPATH_SEARCH_PATHS = "$(inherited) @executable_path/Frameworks @loader_path/Frameworks";
				PRODUCT_BUNDLE_IDENTIFIER = me.dvor.TextWikiTests;
				PRODUCT_NAME = "$(TARGET_NAME)";
				SWIFT_VERSION = 3.0;
				TEST_HOST = "$(BUILT_PRODUCTS_DIR)/TextWiki.app/TextWiki";
			};
			name = Release;
		};
/* End XCBuildConfiguration section */

/* Begin XCConfigurationList section */
		115587F51ED042C000BC6EB7 /* Build configuration list for PBXProject "TextWiki" */ = {
			isa = XCConfigurationList;
			buildConfigurations = (
				115588151ED042C000BC6EB7 /* Debug */,
				115588161ED042C000BC6EB7 /* Release */,
			);
			defaultConfigurationIsVisible = 0;
			defaultConfigurationName = Release;
		};
		115588171ED042C000BC6EB7 /* Build configuration list for PBXNativeTarget "TextWiki" */ = {
			isa = XCConfigurationList;
			buildConfigurations = (
				115588181ED042C000BC6EB7 /* Debug */,
				115588191ED042C000BC6EB7 /* Release */,
			);
			defaultConfigurationIsVisible = 0;
			defaultConfigurationName = Release;
		};
		1155881A1ED042C000BC6EB7 /* Build configuration list for PBXNativeTarget "TextWikiTests" */ = {
			isa = XCConfigurationList;
			buildConfigurations = (
				1155881B1ED042C000BC6EB7 /* Debug */,
				1155881C1ED042C000BC6EB7 /* Release */,
			);
			defaultConfigurationIsVisible = 0;
			defaultConfigurationName = Release;
		};
/* End XCConfigurationList section */
	};
	rootObject = 115587F21ED042C000BC6EB7 /* Project object */;
}
